
Microsoft Visual Studio Solution File, Format Version 12.00
# Visual Studio Version 16
VisualStudioVersion = 16.0.30611.23
MinimumVisualStudioVersion = 10.0.40219.1
Project("{FAE04EC0-301F-11D3-BF4B-00C04F79EFBC}") = "MusicAppWeb", "MusicAppWeb.csproj", "{8656415C-7310-478D-8C85-3F4377C245A8}"
EndProject
Global
	GlobalSection(SolutionConfigurationPlatforms) = preSolution
		Debug|Any CPU = Debug|Any CPU
		Release|Any CPU = Release|Any CPU
	EndGlobalSection
	GlobalSection(ProjectConfigurationPlatforms) = postSolution
		{8656415C-7310-478D-8C85-3F4377C245A8}.Debug|Any CPU.ActiveCfg = Debug|Any CPU
		{8656415C-7310-478D-8C85-3F4377C245A8}.Debug|Any CPU.Build.0 = Debug|Any CPU
		{8656415C-7310-478D-8C85-3F4377C245A8}.Release|Any CPU.ActiveCfg = Release|Any CPU
		{8656415C-7310-478D-8C85-3F4377C245A8}.Release|Any CPU.Build.0 = Release|Any CPU
	EndGlobalSection
	GlobalSection(SolutionProperties) = preSolution
		HideSolutionNode = FALSE
	EndGlobalSection
	GlobalSection(ExtensibilityGlobals) = postSolution
		SolutionGuid = {A7443374-7128-473F-BFC7-862664271602}
	EndGlobalSection
EndGlobal
